
Microsoft Visual Studio Solution File, Format Version 12.00
# Visual Studio Version 17
VisualStudioVersion = 17.5.002.0
MinimumVisualStudioVersion = 10.0.40219.1
Project("{9A19103F-16F7-4668-BE54-9A1E7A4F7556}") = "PreScreen", "PreScreen\PreScreen.csproj", "{AE1115D0-F63C-4340-8733-3DD1CFDBA737}"
EndProject
Project("{FAE04EC0-301F-11D3-BF4B-00C04F79EFBC}") = "PreScreen.Tests", "PreScreen.Tests\PreScreen.Tests.csproj", "{F91016B7-8F65-49AC-9B6C-1E9E8DA95EEA}"
EndProject
Global
	GlobalSection(SolutionConfigurationPlatforms) = preSolution
		Debug|Any CPU = Debug|Any CPU
		Release|Any CPU = Release|Any CPU
	EndGlobalSection
	GlobalSection(ProjectConfigurationPlatforms) = postSolution
		{AE1115D0-F63C-4340-8733-3DD1CFDBA737}.Debug|Any CPU.ActiveCfg = Debug|Any CPU
		{AE1115D0-F63C-4340-8733-3DD1CFDBA737}.Debug|Any CPU.Build.0 = Debug|Any CPU
		{AE1115D0-F63C-4340-8733-3DD1CFDBA737}.Release|Any CPU.ActiveCfg = Release|Any CPU
		{AE1115D0-F63C-4340-8733-3DD1CFDBA737}.Release|Any CPU.Build.0 = Release|Any CPU
		{F91016B7-8F65-49AC-9B6C-1E9E8DA95EEA}.Debug|Any CPU.ActiveCfg = Debug|Any CPU
		{F91016B7-8F65-49AC-9B6C-1E9E8DA95EEA}.Debug|Any CPU.Build.0 = Debug|Any CPU
		{F91016B7-8F65-49AC-9B6C-1E9E8DA95EEA}.Release|Any CPU.ActiveCfg = Release|Any CPU
		{F91016B7-8F65-49AC-9B6C-1E9E8DA95EEA}.Release|Any CPU.Build.0 = Release|Any CPU
	EndGlobalSection
	GlobalSection(SolutionProperties) = preSolution
		HideSolutionNode = FALSE
	EndGlobalSection
	GlobalSection(ExtensibilityGlobals) = postSolution
		SolutionGuid = {3D34DA8C-0278-4BCC-B800-51292783F73E}
	EndGlobalSection
EndGlobal
